
Microsoft Visual Studio Solution File, Format Version 12.00
# Visual Studio 15
VisualStudioVersion = 15.0.26430.16
MinimumVisualStudioVersion = 10.0.40219.1
Project("{FAE04EC0-301F-11D3-BF4B-00C04F79EFBC}") = "Lego.Ev3.Desktop", "Lego.Ev3.Desktop\Lego.Ev3.Desktop.csproj", "{79C444DE-86F1-4AFF-903A-4B6ED31655EA}"
EndProject
Project("{FAE04EC0-301F-11D3-BF4B-00C04F79EFBC}") = "LegoClasses", "LegoClasses\LegoClasses.csproj", "{C01AA0A5-016E-4C02-8E52-F3B3027C17E9}"
EndProject
Project("{FAE04EC0-301F-11D3-BF4B-00C04F79EFBC}") = "LegoConsole", "LegoConsole\LegoConsole.csproj", "{1708DDCC-9E7C-4F76-B8F6-2376AA438F6B}"
EndProject
Project("{FAE04EC0-301F-11D3-BF4B-00C04F79EFBC}") = "GUI", "GUI\GUI.csproj", "{52CC7708-7BC9-4F24-B78F-0A3D96DCAC8E}"
EndProject
Project("{2150E333-8FDC-42A3-9474-1A3956D46DE8}") = "Images", "Images", "{A44CF61A-821B-4B66-9BA7-ABA048F5C2F8}"
	ProjectSection(SolutionItems) = preProject
		..\..\..\Pictures\Square.png = ..\..\..\Pictures\Square.png
	EndProjectSection
EndProject
Global
	GlobalSection(SolutionConfigurationPlatforms) = preSolution
		Debug|Any CPU = Debug|Any CPU
		Release|Any CPU = Release|Any CPU
	EndGlobalSection
	GlobalSection(ProjectConfigurationPlatforms) = postSolution
		{79C444DE-86F1-4AFF-903A-4B6ED31655EA}.Debug|Any CPU.ActiveCfg = Debug|Any CPU
		{79C444DE-86F1-4AFF-903A-4B6ED31655EA}.Debug|Any CPU.Build.0 = Debug|Any CPU
		{79C444DE-86F1-4AFF-903A-4B6ED31655EA}.Release|Any CPU.ActiveCfg = Release|Any CPU
		{79C444DE-86F1-4AFF-903A-4B6ED31655EA}.Release|Any CPU.Build.0 = Release|Any CPU
		{C01AA0A5-016E-4C02-8E52-F3B3027C17E9}.Debug|Any CPU.ActiveCfg = Debug|Any CPU
		{C01AA0A5-016E-4C02-8E52-F3B3027C17E9}.Debug|Any CPU.Build.0 = Debug|Any CPU
		{C01AA0A5-016E-4C02-8E52-F3B3027C17E9}.Release|Any CPU.ActiveCfg = Release|Any CPU
		{C01AA0A5-016E-4C02-8E52-F3B3027C17E9}.Release|Any CPU.Build.0 = Release|Any CPU
		{1708DDCC-9E7C-4F76-B8F6-2376AA438F6B}.Debug|Any CPU.ActiveCfg = Debug|Any CPU
		{1708DDCC-9E7C-4F76-B8F6-2376AA438F6B}.Debug|Any CPU.Build.0 = Debug|Any CPU
		{1708DDCC-9E7C-4F76-B8F6-2376AA438F6B}.Release|Any CPU.ActiveCfg = Release|Any CPU
		{1708DDCC-9E7C-4F76-B8F6-2376AA438F6B}.Release|Any CPU.Build.0 = Release|Any CPU
		{52CC7708-7BC9-4F24-B78F-0A3D96DCAC8E}.Debug|Any CPU.ActiveCfg = Debug|Any CPU
		{52CC7708-7BC9-4F24-B78F-0A3D96DCAC8E}.Debug|Any CPU.Build.0 = Debug|Any CPU
		{52CC7708-7BC9-4F24-B78F-0A3D96DCAC8E}.Release|Any CPU.ActiveCfg = Release|Any CPU
		{52CC7708-7BC9-4F24-B78F-0A3D96DCAC8E}.Release|Any CPU.Build.0 = Release|Any CPU
	EndGlobalSection
	GlobalSection(SolutionProperties) = preSolution
		HideSolutionNode = FALSE
	EndGlobalSection
	GlobalSection(ExtensibilityGlobals) = postSolution
		SolutionGuid = {033A5533-3C7D-4FF7-B1DF-E5F8B560F0D1}
	EndGlobalSection
EndGlobal
